#
# This file is autogenerated by pip-compile with Python 3.12
# by the following command:
#
#    pip-compile --extra=all --output-file=requirements-docker.lock --strip-extras pyproject.toml
#
aiofiles==24.1.0
    # via Ragna (pyproject.toml)
annotated-types==0.7.0
    # via pydantic
anyio==4.7.0
    # via
    #   httpx
    #   starlette
    #   watchfiles
asgiref==3.8.1
    # via opentelemetry-instrumentation-asgi
backoff==2.2.1
    # via posthog
bcrypt==4.2.1
    # via chromadb
bleach==6.2.0
    # via panel
bokeh==3.6.2
    # via
    #   bokeh-fastapi
    #   panel
bokeh-fastapi==0.1.3
    # via panel
build==1.2.2.post1
    # via chromadb
cachetools==5.5.0
    # via google-auth
certifi==2024.8.30
    # via
    #   httpcore
    #   httpx
    #   kubernetes
    #   requests
charset-normalizer==3.4.0
    # via requests
chroma-hnswlib==0.7.6
    # via chromadb
chromadb==0.5.11
    # via Ragna (pyproject.toml)
click==8.1.7
    # via
    #   rich-toolkit
    #   typer
    #   uvicorn
coloredlogs==15.0.1
    # via onnxruntime
contourpy==1.3.1
    # via bokeh
deprecated==1.2.15
    # via
    #   opentelemetry-api
    #   opentelemetry-exporter-otlp-proto-grpc
    #   opentelemetry-semantic-conventions
deprecation==2.1.0
    # via lancedb
dnspython==2.7.0
    # via email-validator
durationpy==0.9
    # via kubernetes
email-validator==2.2.0
    # via fastapi
emoji==2.14.0
    # via Ragna (pyproject.toml)
fastapi==0.115.6
    # via
    #   Ragna (pyproject.toml)
    #   bokeh-fastapi
    #   chromadb
    #   panel
fastapi-cli==0.0.6
    # via fastapi
filelock==3.16.1
    # via huggingface-hub
flatbuffers==24.3.25
    # via onnxruntime
fsspec==2024.10.0
    # via huggingface-hub
google-auth==2.36.0
    # via kubernetes
googleapis-common-protos==1.66.0
    # via opentelemetry-exporter-otlp-proto-grpc
greenlet==3.1.1
    # via sqlalchemy
grpcio==1.68.1
    # via
    #   chromadb
    #   grpcio-tools
    #   opentelemetry-exporter-otlp-proto-grpc
    #   qdrant-client
grpcio-tools==1.68.1
    # via qdrant-client
h11==0.14.0
    # via
    #   httpcore
    #   uvicorn
h2==4.1.0
    # via httpx
hpack==4.0.0
    # via h2
httpcore==1.0.7
    # via httpx
httptools==0.6.4
    # via uvicorn
httpx==0.28.1
    # via
    #   Ragna (pyproject.toml)
    #   chromadb
    #   fastapi
    #   qdrant-client
httpx-sse==0.4.0
    # via Ragna (pyproject.toml)
huggingface-hub==0.26.5
    # via tokenizers
humanfriendly==10.0
    # via coloredlogs
hyperframe==6.0.1
    # via h2
idna==3.10
    # via
    #   anyio
    #   email-validator
    #   httpx
    #   requests
ijson==3.3.0
    # via Ragna (pyproject.toml)
importlib-metadata==8.5.0
    # via opentelemetry-api
importlib-resources==6.4.5
    # via chromadb
jinja2==3.1.4
    # via
    #   bokeh
    #   fastapi
kubernetes==31.0.0
    # via chromadb
lancedb==0.17.0
    # via Ragna (pyproject.toml)
linkify-it-py==2.0.3
    # via panel
lxml==5.3.0
    # via
    #   python-docx
    #   python-pptx
markdown==3.7
    # via panel
markdown-it-py==3.0.0
    # via
    #   mdit-py-plugins
    #   panel
    #   rich
markupsafe==3.0.2
    # via jinja2
mdit-py-plugins==0.4.2
    # via panel
mdurl==0.1.2
    # via markdown-it-py
mmh3==5.0.1
    # via chromadb
monotonic==1.6
    # via posthog
mpmath==1.3.0
    # via sympy
numpy==2.2.0
    # via
    #   bokeh
    #   chroma-hnswlib
    #   chromadb
    #   contourpy
    #   onnxruntime
    #   pandas
    #   pylance
    #   qdrant-client
oauthlib==3.2.2
    # via
    #   kubernetes
    #   requests-oauthlib
onnxruntime==1.20.1
    # via chromadb
opentelemetry-api==1.28.2
    # via
    #   chromadb
    #   opentelemetry-exporter-otlp-proto-grpc
    #   opentelemetry-instrumentation
    #   opentelemetry-instrumentation-asgi
    #   opentelemetry-instrumentation-fastapi
    #   opentelemetry-sdk
    #   opentelemetry-semantic-conventions
opentelemetry-exporter-otlp-proto-common==1.28.2
    # via opentelemetry-exporter-otlp-proto-grpc
opentelemetry-exporter-otlp-proto-grpc==1.28.2
    # via chromadb
opentelemetry-instrumentation==0.49b2
    # via
    #   opentelemetry-instrumentation-asgi
    #   opentelemetry-instrumentation-fastapi
opentelemetry-instrumentation-asgi==0.49b2
    # via opentelemetry-instrumentation-fastapi
opentelemetry-instrumentation-fastapi==0.49b2
    # via chromadb
opentelemetry-proto==1.28.2
    # via
    #   opentelemetry-exporter-otlp-proto-common
    #   opentelemetry-exporter-otlp-proto-grpc
opentelemetry-sdk==1.28.2
    # via
    #   chromadb
    #   opentelemetry-exporter-otlp-proto-grpc
opentelemetry-semantic-conventions==0.49b2
    # via
    #   opentelemetry-instrumentation
    #   opentelemetry-instrumentation-asgi
    #   opentelemetry-instrumentation-fastapi
    #   opentelemetry-sdk
opentelemetry-util-http==0.49b2
    # via
    #   opentelemetry-instrumentation-asgi
    #   opentelemetry-instrumentation-fastapi
orjson==3.10.12
    # via chromadb
overrides==7.7.0
    # via
    #   chromadb
    #   lancedb
packaging==24.2
    # via
    #   Ragna (pyproject.toml)
    #   bokeh
    #   build
    #   deprecation
    #   huggingface-hub
    #   lancedb
    #   onnxruntime
    #   opentelemetry-instrumentation
    #   panel
pandas==2.2.3
    # via
    #   bokeh
    #   panel
panel==1.5.4
    # via Ragna (pyproject.toml)
param==2.1.1
    # via
    #   panel
    #   pyviz-comms
pillow==11.0.0
    # via
    #   bokeh
    #   python-pptx
portalocker==2.10.1
    # via qdrant-client
posthog==3.7.4
    # via chromadb
prompt-toolkit==3.0.36
    # via questionary
protobuf==5.29.1
    # via
    #   googleapis-common-protos
    #   grpcio-tools
    #   onnxruntime
    #   opentelemetry-proto
pyarrow==18.1.0
    # via
    #   Ragna (pyproject.toml)
    #   pylance
pyasn1==0.6.1
    # via
    #   pyasn1-modules
    #   rsa
pyasn1-modules==0.4.1
    # via google-auth
pydantic==2.10.3
    # via
    #   Ragna (pyproject.toml)
    #   chromadb
    #   fastapi
    #   lancedb
    #   pydantic-settings
    #   qdrant-client
pydantic-core==2.27.1
    # via
    #   Ragna (pyproject.toml)
    #   pydantic
pydantic-settings==2.6.1
    # via Ragna (pyproject.toml)
pygments==2.18.0
    # via rich
pyjwt==2.10.1
    # via Ragna (pyproject.toml)
pylance==0.20.0
    # via lancedb
pymupdf==1.24.10
    # via Ragna (pyproject.toml)
pymupdfb==1.24.10
    # via pymupdf
pypika==0.48.9
    # via chromadb
pyproject-hooks==1.2.0
    # via build
python-dateutil==2.9.0.post0
    # via
    #   kubernetes
    #   pandas
    #   posthog
python-docx==1.1.2
    # via Ragna (pyproject.toml)
python-dotenv==1.0.1
    # via
    #   pydantic-settings
    #   uvicorn
python-multipart==0.0.19
    # via
    #   Ragna (pyproject.toml)
    #   fastapi
python-pptx==1.0.2
    # via Ragna (pyproject.toml)
pytz==2024.2
    # via pandas
pyviz-comms==3.0.3
    # via panel
pyyaml==6.0.2
    # via
    #   bokeh
    #   chromadb
    #   huggingface-hub
    #   kubernetes
    #   uvicorn
qdrant-client==1.12.2
    # via Ragna (pyproject.toml)
questionary==2.0.1
    # via Ragna (pyproject.toml)
regex==2024.11.6
    # via tiktoken
requests==2.32.3
    # via
    #   huggingface-hub
    #   kubernetes
    #   panel
    #   posthog
    #   requests-oauthlib
    #   tiktoken
requests-oauthlib==2.0.0
    # via kubernetes
rich==13.9.4
    # via
    #   Ragna (pyproject.toml)
    #   chromadb
    #   rich-toolkit
    #   typer
rich-toolkit==0.12.0
    # via fastapi-cli
rsa==4.9
    # via google-auth
shellingham==1.5.4
    # via typer
six==1.17.0
    # via
    #   kubernetes
    #   posthog
    #   python-dateutil
sniffio==1.3.1
    # via anyio
sqlalchemy==2.0.36
    # via Ragna (pyproject.toml)
starlette==0.41.3
    # via
    #   Ragna (pyproject.toml)
    #   bokeh-fastapi
    #   fastapi
sympy==1.13.3
    # via onnxruntime
tenacity==9.0.0
    # via chromadb
tiktoken==0.8.0
    # via Ragna (pyproject.toml)
tokenizers==0.20.3
    # via chromadb
tomlkit==0.13.2
    # via Ragna (pyproject.toml)
tornado==6.4.2
    # via bokeh
tqdm==4.67.1
    # via
    #   chromadb
    #   huggingface-hub
    #   lancedb
    #   panel
typer==0.15.1
    # via
    #   Ragna (pyproject.toml)
    #   chromadb
    #   fastapi-cli
typing-extensions==4.12.2
    # via
    #   anyio
    #   chromadb
    #   fastapi
    #   huggingface-hub
    #   opentelemetry-sdk
    #   panel
    #   pydantic
    #   pydantic-core
    #   python-docx
    #   python-pptx
    #   rich-toolkit
    #   sqlalchemy
    #   typer
tzdata==2024.2
    # via pandas
uc-micro-py==1.0.3
    # via linkify-it-py
urllib3==2.2.3
    # via
    #   kubernetes
    #   qdrant-client
    #   requests
uvicorn==0.32.1
    # via
    #   Ragna (pyproject.toml)
    #   chromadb
    #   fastapi
    #   fastapi-cli
uvloop==0.21.0
    # via uvicorn
watchfiles==1.0.3
    # via uvicorn
wcwidth==0.2.13
    # via prompt-toolkit
webencodings==0.5.1
    # via bleach
websocket-client==1.8.0
    # via kubernetes
websockets==14.1
    # via
    #   bokeh-fastapi
    #   uvicorn
wrapt==1.17.0
    # via
    #   deprecated
    #   opentelemetry-instrumentation
xlsxwriter==3.2.0
    # via python-pptx
xyzservices==2024.9.0
    # via bokeh
zipp==3.21.0
    # via importlib-metadata

# The following packages are considered to be unsafe in a requirements file:
# setuptools
